
Microsoft Visual Studio Solution File, Format Version 12.00
# Visual Studio Version 16
VisualStudioVersion = 16.0.30503.244
MinimumVisualStudioVersion = 10.0.40219.1
Project("{FAE04EC0-301F-11D3-BF4B-00C04F79EFBC}") = "EnvironmentCrime", "EnvironmentCrime\EnvironmentCrime.csproj", "{5215942B-F0D4-4260-A248-94722540C548}"
EndProject
Global
	GlobalSection(SolutionConfigurationPlatforms) = preSolution
		Debug|Any CPU = Debug|Any CPU
		Release|Any CPU = Release|Any CPU
	EndGlobalSection
	GlobalSection(ProjectConfigurationPlatforms) = postSolution
		{5215942B-F0D4-4260-A248-94722540C548}.Debug|Any CPU.ActiveCfg = Debug|Any CPU
		{5215942B-F0D4-4260-A248-94722540C548}.Debug|Any CPU.Build.0 = Debug|Any CPU
		{5215942B-F0D4-4260-A248-94722540C548}.Release|Any CPU.ActiveCfg = Release|Any CPU
		{5215942B-F0D4-4260-A248-94722540C548}.Release|Any CPU.Build.0 = Release|Any CPU
	EndGlobalSection
	GlobalSection(SolutionProperties) = preSolution
		HideSolutionNode = FALSE
	EndGlobalSection
	GlobalSection(ExtensibilityGlobals) = postSolution
		SolutionGuid = {DF29D436-3B2F-4AB9-8CEA-663F9D5243B0}
	EndGlobalSection
EndGlobal
